// !$*UTF8*$!
{
	archiveVersion = 1;
	classes = {
	};
	objectVersion = 51;
	objects = {

/* Begin PBXBuildFile section */
		4767A57422C3EAF100CC7EF8 /* AppDelegate.m in Sources */ = {isa = PBXBuildFile; fileRef = 4767A57322C3EAF100CC7EF8 /* AppDelegate.m */; };
		4767A57A22C3EAF100CC7EF8 /* Main.storyboard in Resources */ = {isa = PBXBuildFile; fileRef = 4767A57822C3EAF100CC7EF8 /* Main.storyboard */; };
		4767A57C22C3EAF200CC7EF8 /* Assets.xcassets in Resources */ = {isa = PBXBuildFile; fileRef = 4767A57B22C3EAF200CC7EF8 /* Assets.xcassets */; };
		4767A57F22C3EAF200CC7EF8 /* LaunchScreen.storyboard in Resources */ = {isa = PBXBuildFile; fileRef = 4767A57D22C3EAF200CC7EF8 /* LaunchScreen.storyboard */; };
		4767A58222C3EAF200CC7EF8 /* main.m in Sources */ = {isa = PBXBuildFile; fileRef = 4767A58122C3EAF200CC7EF8 /* main.m */; };
		4767A58C22C3EAF200CC7EF8 /* FlixTests.m in Sources */ = {isa = PBXBuildFile; fileRef = 4767A58B22C3EAF200CC7EF8 /* FlixTests.m */; };
		4767A59722C3EAF200CC7EF8 /* FlixUITests.m in Sources */ = {isa = PBXBuildFile; fileRef = 4767A59622C3EAF200CC7EF8 /* FlixUITests.m */; };
		4767A5A622C3F97700CC7EF8 /* MoviesViewController.m in Sources */ = {isa = PBXBuildFile; fileRef = 4767A5A522C3F97700CC7EF8 /* MoviesViewController.m */; };
		4767A5AC22C41D1800CC7EF8 /* MovieCell.m in Sources */ = {isa = PBXBuildFile; fileRef = 4767A5AB22C41D1800CC7EF8 /* MovieCell.m */; };
		4767A5B522C439C800CC7EF8 /* DetailsViewController.m in Sources */ = {isa = PBXBuildFile; fileRef = 4767A5B422C439C800CC7EF8 /* DetailsViewController.m */; };
		4767A5B822C4835800CC7EF8 /* MoviesGridViewController.m in Sources */ = {isa = PBXBuildFile; fileRef = 4767A5B722C4835800CC7EF8 /* MoviesGridViewController.m */; };
		4767A5BB22C4863D00CC7EF8 /* MovieCollectionCell.m in Sources */ = {isa = PBXBuildFile; fileRef = 4767A5BA22C4863D00CC7EF8 /* MovieCollectionCell.m */; };
		8BFD52711D27F18DD3A033B2 /* Pods_Flix.framework in Frameworks */ = {isa = PBXBuildFile; fileRef = 0C1AF39A578F65BC8125E07B /* Pods_Flix.framework */; };
		B5BDF14E15E3AC5A06273C59 /* Pods_FlixUITests.framework in Frameworks */ = {isa = PBXBuildFile; fileRef = BCD056000B44FC8C23FB6588 /* Pods_FlixUITests.framework */; };
		C211141BD5737741382C64FF /* Pods_FlixTests.framework in Frameworks */ = {isa = PBXBuildFile; fileRef = 2A1EB0CBFE8DD78278E8B5C0 /* Pods_FlixTests.framework */; };
/* End PBXBuildFile section */

/* Begin PBXContainerItemProxy section */
		4767A58822C3EAF200CC7EF8 /* PBXContainerItemProxy */ = {
			isa = PBXContainerItemProxy;
			containerPortal = 4767A56722C3EAF100CC7EF8 /* Project object */;
			proxyType = 1;
			remoteGlobalIDString = 4767A56E22C3EAF100CC7EF8;
			remoteInfo = Flix;
		};
		4767A59322C3EAF200CC7EF8 /* PBXContainerItemProxy */ = {
			isa = PBXContainerItemProxy;
			containerPortal = 4767A56722C3EAF100CC7EF8 /* Project object */;
			proxyType = 1;
			remoteGlobalIDString = 4767A56E22C3EAF100CC7EF8;
			remoteInfo = Flix;
		};
/* End PBXContainerItemProxy section */

/* Begin PBXFileReference section */
		0C1AF39A578F65BC8125E07B /* Pods_Flix.framework */ = {isa = PBXFileReference; explicitFileType = wrapper.framework; includeInIndex = 0; path = Pods_Flix.framework; sourceTree = BUILT_PRODUCTS_DIR; };
		146A626E8FBD644E3BBF344C /* Pods-FlixUITests.release.xcconfig */ = {isa = PBXFileReference; includeInIndex = 1; lastKnownFileType = text.xcconfig; name = "Pods-FlixUITests.release.xcconfig"; path = "Target Support Files/Pods-FlixUITests/Pods-FlixUITests.release.xcconfig"; sourceTree = "<group>"; };
		1C2C50041F6DAF31C54EC85A /* Pods-FlixTests.debug.xcconfig */ = {isa = PBXFileReference; includeInIndex = 1; lastKnownFileType = text.xcconfig; name = "Pods-FlixTests.debug.xcconfig"; path = "Target Support Files/Pods-FlixTests/Pods-FlixTests.debug.xcconfig"; sourceTree = "<group>"; };
		2A1EB0CBFE8DD78278E8B5C0 /* Pods_FlixTests.framework */ = {isa = PBXFileReference; explicitFileType = wrapper.framework; includeInIndex = 0; path = Pods_FlixTests.framework; sourceTree = BUILT_PRODUCTS_DIR; };
		4767A56F22C3EAF100CC7EF8 /* Flix.app */ = {isa = PBXFileReference; explicitFileType = wrapper.application; includeInIndex = 0; path = Flix.app; sourceTree = BUILT_PRODUCTS_DIR; };
		4767A57222C3EAF100CC7EF8 /* AppDelegate.h */ = {isa = PBXFileReference; lastKnownFileType = sourcecode.c.h; path = AppDelegate.h; sourceTree = "<group>"; };
		4767A57322C3EAF100CC7EF8 /* AppDelegate.m */ = {isa = PBXFileReference; lastKnownFileType = sourcecode.c.objc; path = AppDelegate.m; sourceTree = "<group>"; };
		4767A57922C3EAF100CC7EF8 /* Base */ = {isa = PBXFileReference; lastKnownFileType = file.storyboard; name = Base; path = Base.lproj/Main.storyboard; sourceTree = "<group>"; };
		4767A57B22C3EAF200CC7EF8 /* Assets.xcassets */ = {isa = PBXFileReference; lastKnownFileType = folder.assetcatalog; path = Assets.xcassets; sourceTree = "<group>"; };
		4767A57E22C3EAF200CC7EF8 /* Base */ = {isa = PBXFileReference; lastKnownFileType = file.storyboard; name = Base; path = Base.lproj/LaunchScreen.storyboard; sourceTree = "<group>"; };
		4767A58022C3EAF200CC7EF8 /* Info.plist */ = {isa = PBXFileReference; lastKnownFileType = text.plist.xml; path = Info.plist; sourceTree = "<group>"; };
		4767A58122C3EAF200CC7EF8 /* main.m */ = {isa = PBXFileReference; lastKnownFileType = sourcecode.c.objc; path = main.m; sourceTree = "<group>"; };
		4767A58722C3EAF200CC7EF8 /* FlixTests.xctest */ = {isa = PBXFileReference; explicitFileType = wrapper.cfbundle; includeInIndex = 0; path = FlixTests.xctest; sourceTree = BUILT_PRODUCTS_DIR; };
		4767A58B22C3EAF200CC7EF8 /* FlixTests.m */ = {isa = PBXFileReference; lastKnownFileType = sourcecode.c.objc; path = FlixTests.m; sourceTree = "<group>"; };
		4767A58D22C3EAF200CC7EF8 /* Info.plist */ = {isa = PBXFileReference; lastKnownFileType = text.plist.xml; path = Info.plist; sourceTree = "<group>"; };
		4767A59222C3EAF200CC7EF8 /* FlixUITests.xctest */ = {isa = PBXFileReference; explicitFileType = wrapper.cfbundle; includeInIndex = 0; path = FlixUITests.xctest; sourceTree = BUILT_PRODUCTS_DIR; };
		4767A59622C3EAF200CC7EF8 /* FlixUITests.m */ = {isa = PBXFileReference; lastKnownFileType = sourcecode.c.objc; path = FlixUITests.m; sourceTree = "<group>"; };
		4767A59822C3EAF200CC7EF8 /* Info.plist */ = {isa = PBXFileReference; lastKnownFileType = text.plist.xml; path = Info.plist; sourceTree = "<group>"; };
		4767A5A422C3F97700CC7EF8 /* MoviesViewController.h */ = {isa = PBXFileReference; lastKnownFileType = sourcecode.c.h; path = MoviesViewController.h; sourceTree = "<group>"; };
		4767A5A522C3F97700CC7EF8 /* MoviesViewController.m */ = {isa = PBXFileReference; lastKnownFileType = sourcecode.c.objc; path = MoviesViewController.m; sourceTree = "<group>"; };
		4767A5AA22C41D1800CC7EF8 /* MovieCell.h */ = {isa = PBXFileReference; lastKnownFileType = sourcecode.c.h; path = MovieCell.h; sourceTree = "<group>"; };
		4767A5AB22C41D1800CC7EF8 /* MovieCell.m */ = {isa = PBXFileReference; lastKnownFileType = sourcecode.c.objc; path = MovieCell.m; sourceTree = "<group>"; };
		4767A5B322C439C800CC7EF8 /* DetailsViewController.h */ = {isa = PBXFileReference; lastKnownFileType = sourcecode.c.h; path = DetailsViewController.h; sourceTree = "<group>"; };
		4767A5B422C439C800CC7EF8 /* DetailsViewController.m */ = {isa = PBXFileReference; lastKnownFileType = sourcecode.c.objc; path = DetailsViewController.m; sourceTree = "<group>"; };
		4767A5B622C4835800CC7EF8 /* MoviesGridViewController.h */ = {isa = PBXFileReference; lastKnownFileType = sourcecode.c.h; path = MoviesGridViewController.h; sourceTree = "<group>"; };
		4767A5B722C4835800CC7EF8 /* MoviesGridViewController.m */ = {isa = PBXFileReference; lastKnownFileType = sourcecode.c.objc; path = MoviesGridViewController.m; sourceTree = "<group>"; };
		4767A5B922C4863D00CC7EF8 /* MovieCollectionCell.h */ = {isa = PBXFileReference; lastKnownFileType = sourcecode.c.h; path = MovieCollectionCell.h; sourceTree = "<group>"; };
		4767A5BA22C4863D00CC7EF8 /* MovieCollectionCell.m */ = {isa = PBXFileReference; lastKnownFileType = sourcecode.c.objc; path = MovieCollectionCell.m; sourceTree = "<group>"; };
		6DF6C4343D9F5B9E587235A9 /* Pods-FlixUITests.debug.xcconfig */ = {isa = PBXFileReference; includeInIndex = 1; lastKnownFileType = text.xcconfig; name = "Pods-FlixUITests.debug.xcconfig"; path = "Target Support Files/Pods-FlixUITests/Pods-FlixUITests.debug.xcconfig"; sourceTree = "<group>"; };
		BCD056000B44FC8C23FB6588 /* Pods_FlixUITests.framework */ = {isa = PBXFileReference; explicitFileType = wrapper.framework; includeInIndex = 0; path = Pods_FlixUITests.framework; sourceTree = BUILT_PRODUCTS_DIR; };
		D2A9366DE5AF67564219BCC8 /* Pods-FlixTests.release.xcconfig */ = {isa = PBXFileReference; includeInIndex = 1; lastKnownFileType = text.xcconfig; name = "Pods-FlixTests.release.xcconfig"; path = "Target Support Files/Pods-FlixTests/Pods-FlixTests.release.xcconfig"; sourceTree = "<group>"; };
		E85327333B6FC104D9854415 /* Pods-Flix.release.xcconfig */ = {isa = PBXFileReference; includeInIndex = 1; lastKnownFileType = text.xcconfig; name = "Pods-Flix.release.xcconfig"; path = "Target Support Files/Pods-Flix/Pods-Flix.release.xcconfig"; sourceTree = "<group>"; };
		EDCD76D3E6FF78F79C78A6F4 /* Pods-Flix.debug.xcconfig */ = {isa = PBXFileReference; includeInIndex = 1; lastKnownFileType = text.xcconfig; name = "Pods-Flix.debug.xcconfig"; path = "Target Support Files/Pods-Flix/Pods-Flix.debug.xcconfig"; sourceTree = "<group>"; };
/* End PBXFileReference section */

/* Begin PBXFrameworksBuildPhase section */
		4767A56C22C3EAF100CC7EF8 /* Frameworks */ = {
			isa = PBXFrameworksBuildPhase;
			buildActionMask = 2147483647;
			files = (
				8BFD52711D27F18DD3A033B2 /* Pods_Flix.framework in Frameworks */,
			);
			runOnlyForDeploymentPostprocessing = 0;
		};
		4767A58422C3EAF200CC7EF8 /* Frameworks */ = {
			isa = PBXFrameworksBuildPhase;
			buildActionMask = 2147483647;
			files = (
				C211141BD5737741382C64FF /* Pods_FlixTests.framework in Frameworks */,
			);
			runOnlyForDeploymentPostprocessing = 0;
		};
		4767A58F22C3EAF200CC7EF8 /* Frameworks */ = {
			isa = PBXFrameworksBuildPhase;
			buildActionMask = 2147483647;
			files = (
				B5BDF14E15E3AC5A06273C59 /* Pods_FlixUITests.framework in Frameworks */,
			);
			runOnlyForDeploymentPostprocessing = 0;
		};
/* End PBXFrameworksBuildPhase section */

/* Begin PBXGroup section */
		4767A56622C3EAF100CC7EF8 = {
			isa = PBXGroup;
			children = (
				4767A57122C3EAF100CC7EF8 /* Flix */,
				4767A58A22C3EAF200CC7EF8 /* FlixTests */,
				4767A59522C3EAF200CC7EF8 /* FlixUITests */,
				4767A57022C3EAF100CC7EF8 /* Products */,
				8AF4D4CCC4259094ADA70540 /* Pods */,
				DC44048333038B4812D2860D /* Frameworks */,
			);
			sourceTree = "<group>";
		};
		4767A57022C3EAF100CC7EF8 /* Products */ = {
			isa = PBXGroup;
			children = (
				4767A56F22C3EAF100CC7EF8 /* Flix.app */,
				4767A58722C3EAF200CC7EF8 /* FlixTests.xctest */,
				4767A59222C3EAF200CC7EF8 /* FlixUITests.xctest */,
			);
			name = Products;
			sourceTree = "<group>";
		};
		4767A57122C3EAF100CC7EF8 /* Flix */ = {
			isa = PBXGroup;
			children = (
				4767A5A822C3FA7100CC7EF8 /* Views */,
				4767A5A722C3FA6300CC7EF8 /* View Controllers */,
				4767A57222C3EAF100CC7EF8 /* AppDelegate.h */,
				4767A57322C3EAF100CC7EF8 /* AppDelegate.m */,
				4767A57822C3EAF100CC7EF8 /* Main.storyboard */,
				4767A57B22C3EAF200CC7EF8 /* Assets.xcassets */,
				4767A57D22C3EAF200CC7EF8 /* LaunchScreen.storyboard */,
				4767A58022C3EAF200CC7EF8 /* Info.plist */,
				4767A58122C3EAF200CC7EF8 /* main.m */,
			);
			path = Flix;
			sourceTree = "<group>";
		};
		4767A58A22C3EAF200CC7EF8 /* FlixTests */ = {
			isa = PBXGroup;
			children = (
				4767A58B22C3EAF200CC7EF8 /* FlixTests.m */,
				4767A58D22C3EAF200CC7EF8 /* Info.plist */,
			);
			path = FlixTests;
			sourceTree = "<group>";
		};
		4767A59522C3EAF200CC7EF8 /* FlixUITests */ = {
			isa = PBXGroup;
			children = (
				4767A59622C3EAF200CC7EF8 /* FlixUITests.m */,
				4767A59822C3EAF200CC7EF8 /* Info.plist */,
			);
			path = FlixUITests;
			sourceTree = "<group>";
		};
		4767A5A722C3FA6300CC7EF8 /* View Controllers */ = {
			isa = PBXGroup;
			children = (
				4767A5A422C3F97700CC7EF8 /* MoviesViewController.h */,
				4767A5A522C3F97700CC7EF8 /* MoviesViewController.m */,
				4767A5B322C439C800CC7EF8 /* DetailsViewController.h */,
				4767A5B422C439C800CC7EF8 /* DetailsViewController.m */,
				4767A5B622C4835800CC7EF8 /* MoviesGridViewController.h */,
				4767A5B722C4835800CC7EF8 /* MoviesGridViewController.m */,
			);
			path = "View Controllers";
			sourceTree = "<group>";
		};
		4767A5A822C3FA7100CC7EF8 /* Views */ = {
			isa = PBXGroup;
			children = (
				4767A5A922C3FA8000CC7EF8 /* Models */,
				4767A5AA22C41D1800CC7EF8 /* MovieCell.h */,
				4767A5AB22C41D1800CC7EF8 /* MovieCell.m */,
				4767A5B922C4863D00CC7EF8 /* MovieCollectionCell.h */,
				4767A5BA22C4863D00CC7EF8 /* MovieCollectionCell.m */,
			);
			path = Views;
			sourceTree = "<group>";
		};
		4767A5A922C3FA8000CC7EF8 /* Models */ = {
			isa = PBXGroup;
			children = (
			);
			path = Models;
			sourceTree = "<group>";
		};
		8AF4D4CCC4259094ADA70540 /* Pods */ = {
			isa = PBXGroup;
			children = (
				EDCD76D3E6FF78F79C78A6F4 /* Pods-Flix.debug.xcconfig */,
				E85327333B6FC104D9854415 /* Pods-Flix.release.xcconfig */,
				1C2C50041F6DAF31C54EC85A /* Pods-FlixTests.debug.xcconfig */,
				D2A9366DE5AF67564219BCC8 /* Pods-FlixTests.release.xcconfig */,
				6DF6C4343D9F5B9E587235A9 /* Pods-FlixUITests.debug.xcconfig */,
				146A626E8FBD644E3BBF344C /* Pods-FlixUITests.release.xcconfig */,
			);
			path = Pods;
			sourceTree = "<group>";
		};
		DC44048333038B4812D2860D /* Frameworks */ = {
			isa = PBXGroup;
			children = (
				0C1AF39A578F65BC8125E07B /* Pods_Flix.framework */,
				2A1EB0CBFE8DD78278E8B5C0 /* Pods_FlixTests.framework */,
				BCD056000B44FC8C23FB6588 /* Pods_FlixUITests.framework */,
			);
			name = Frameworks;
			sourceTree = "<group>";
		};
/* End PBXGroup section */

/* Begin PBXNativeTarget section */
		4767A56E22C3EAF100CC7EF8 /* Flix */ = {
			isa = PBXNativeTarget;
			buildConfigurationList = 4767A59B22C3EAF200CC7EF8 /* Build configuration list for PBXNativeTarget "Flix" */;
			buildPhases = (
				6B88A313F5EA6600F8B23B79 /* [CP] Check Pods Manifest.lock */,
				4767A56B22C3EAF100CC7EF8 /* Sources */,
				4767A56C22C3EAF100CC7EF8 /* Frameworks */,
				4767A56D22C3EAF100CC7EF8 /* Resources */,
				5037DFABD0FC4720D05F5688 /* [CP] Embed Pods Frameworks */,
			);
			buildRules = (
			);
			dependencies = (
			);
			name = Flix;
			productName = Flix;
			productReference = 4767A56F22C3EAF100CC7EF8 /* Flix.app */;
			productType = "com.apple.product-type.application";
		};
		4767A58622C3EAF200CC7EF8 /* FlixTests */ = {
			isa = PBXNativeTarget;
			buildConfigurationList = 4767A59E22C3EAF200CC7EF8 /* Build configuration list for PBXNativeTarget "FlixTests" */;
			buildPhases = (
				2544AB82E93A25B8A66E922E /* [CP] Check Pods Manifest.lock */,
				4767A58322C3EAF200CC7EF8 /* Sources */,
				4767A58422C3EAF200CC7EF8 /* Frameworks */,
				4767A58522C3EAF200CC7EF8 /* Resources */,
			);
			buildRules = (
			);
			dependencies = (
				4767A58922C3EAF200CC7EF8 /* PBXTargetDependency */,
			);
			name = FlixTests;
			productName = FlixTests;
			productReference = 4767A58722C3EAF200CC7EF8 /* FlixTests.xctest */;
			productType = "com.apple.product-type.bundle.unit-test";
		};
		4767A59122C3EAF200CC7EF8 /* FlixUITests */ = {
			isa = PBXNativeTarget;
			buildConfigurationList = 4767A5A122C3EAF200CC7EF8 /* Build configuration list for PBXNativeTarget "FlixUITests" */;
			buildPhases = (
				BC65B666454FFC1F5DD002B9 /* [CP] Check Pods Manifest.lock */,
				4767A58E22C3EAF200CC7EF8 /* Sources */,
				4767A58F22C3EAF200CC7EF8 /* Frameworks */,
				4767A59022C3EAF200CC7EF8 /* Resources */,
			);
			buildRules = (
			);
			dependencies = (
				4767A59422C3EAF200CC7EF8 /* PBXTargetDependency */,
			);
			name = FlixUITests;
			productName = FlixUITests;
			productReference = 4767A59222C3EAF200CC7EF8 /* FlixUITests.xctest */;
			productType = "com.apple.product-type.bundle.ui-testing";
		};
/* End PBXNativeTarget section */

/* Begin PBXProject section */
		4767A56722C3EAF100CC7EF8 /* Project object */ = {
			isa = PBXProject;
			attributes = {
				LastUpgradeCheck = 1020;
				ORGANIZATIONNAME = ilanashapiro;
				TargetAttributes = {
					4767A56E22C3EAF100CC7EF8 = {
						CreatedOnToolsVersion = 10.2.1;
					};
					4767A58622C3EAF200CC7EF8 = {
						CreatedOnToolsVersion = 10.2.1;
						TestTargetID = 4767A56E22C3EAF100CC7EF8;
					};
					4767A59122C3EAF200CC7EF8 = {
						CreatedOnToolsVersion = 10.2.1;
						TestTargetID = 4767A56E22C3EAF100CC7EF8;
					};
				};
			};
			buildConfigurationList = 4767A56A22C3EAF100CC7EF8 /* Build configuration list for PBXProject "Flix" */;
			compatibilityVersion = "Xcode 9.3";
			developmentRegion = en;
			hasScannedForEncodings = 0;
			knownRegions = (
				en,
				Base,
			);
			mainGroup = 4767A56622C3EAF100CC7EF8;
			productRefGroup = 4767A57022C3EAF100CC7EF8 /* Products */;
			projectDirPath = "";
			projectRoot = "";
			targets = (
				4767A56E22C3EAF100CC7EF8 /* Flix */,
				4767A58622C3EAF200CC7EF8 /* FlixTests */,
				4767A59122C3EAF200CC7EF8 /* FlixUITests */,
			);
		};
/* End PBXProject section */

/* Begin PBXResourcesBuildPhase section */
		4767A56D22C3EAF100CC7EF8 /* Resources */ = {
			isa = PBXResourcesBuildPhase;
			buildActionMask = 2147483647;
			files = (
				4767A57F22C3EAF200CC7EF8 /* LaunchScreen.storyboard in Resources */,
				4767A57C22C3EAF200CC7EF8 /* Assets.xcassets in Resources */,
				4767A57A22C3EAF100CC7EF8 /* Main.storyboard in Resources */,
			);
			runOnlyForDeploymentPostprocessing = 0;
		};
		4767A58522C3EAF200CC7EF8 /* Resources */ = {
			isa = PBXResourcesBuildPhase;
			buildActionMask = 2147483647;
			files = (
			);
			runOnlyForDeploymentPostprocessing = 0;
		};
		4767A59022C3EAF200CC7EF8 /* Resources */ = {
			isa = PBXResourcesBuildPhase;
			buildActionMask = 2147483647;
			files = (
			);
			runOnlyForDeploymentPostprocessing = 0;
		};
/* End PBXResourcesBuildPhase section */

/* Begin PBXShellScriptBuildPhase section */
		2544AB82E93A25B8A66E922E /* [CP] Check Pods Manifest.lock */ = {
			isa = PBXShellScriptBuildPhase;
			buildActionMask = 2147483647;
			files = (
			);
			inputFileListPaths = (
			);
			inputPaths = (
				"${PODS_PODFILE_DIR_PATH}/Podfile.lock",
				"${PODS_ROOT}/Manifest.lock",
			);
			name = "[CP] Check Pods Manifest.lock";
			outputFileListPaths = (
			);
			outputPaths = (
				"$(DERIVED_FILE_DIR)/Pods-FlixTests-checkManifestLockResult.txt",
			);
			runOnlyForDeploymentPostprocessing = 0;
			shellPath = /bin/sh;
			shellScript = "diff \"${PODS_PODFILE_DIR_PATH}/Podfile.lock\" \"${PODS_ROOT}/Manifest.lock\" > /dev/null\nif [ $? != 0 ] ; then\n    # print error to STDERR\n    echo \"error: The sandbox is not in sync with the Podfile.lock. Run 'pod install' or update your CocoaPods installation.\" >&2\n    exit 1\nfi\n# This output is used by Xcode 'outputs' to avoid re-running this script phase.\necho \"SUCCESS\" > \"${SCRIPT_OUTPUT_FILE_0}\"\n";
			showEnvVarsInLog = 0;
		};
		5037DFABD0FC4720D05F5688 /* [CP] Embed Pods Frameworks */ = {
			isa = PBXShellScriptBuildPhase;
			buildActionMask = 2147483647;
			files = (
			);
			inputFileListPaths = (
				"${PODS_ROOT}/Target Support Files/Pods-Flix/Pods-Flix-frameworks-${CONFIGURATION}-input-files.xcfilelist",
			);
			name = "[CP] Embed Pods Frameworks";
			outputFileListPaths = (
				"${PODS_ROOT}/Target Support Files/Pods-Flix/Pods-Flix-frameworks-${CONFIGURATION}-output-files.xcfilelist",
			);
			runOnlyForDeploymentPostprocessing = 0;
			shellPath = /bin/sh;
			shellScript = "\"${PODS_ROOT}/Target Support Files/Pods-Flix/Pods-Flix-frameworks.sh\"\n";
			showEnvVarsInLog = 0;
		};
		6B88A313F5EA6600F8B23B79 /* [CP] Check Pods Manifest.lock */ = {
			isa = PBXShellScriptBuildPhase;
			buildActionMask = 2147483647;
			files = (
			);
			inputFileListPaths = (
			);
			inputPaths = (
				"${PODS_PODFILE_DIR_PATH}/Podfile.lock",
				"${PODS_ROOT}/Manifest.lock",
			);
			name = "[CP] Check Pods Manifest.lock";
			outputFileListPaths = (
			);
			outputPaths = (
				"$(DERIVED_FILE_DIR)/Pods-Flix-checkManifestLockResult.txt",
			);
			runOnlyForDeploymentPostprocessing = 0;
			shellPath = /bin/sh;
			shellScript = "diff \"${PODS_PODFILE_DIR_PATH}/Podfile.lock\" \"${PODS_ROOT}/Manifest.lock\" > /dev/null\nif [ $? != 0 ] ; then\n    # print error to STDERR\n    echo \"error: The sandbox is not in sync with the Podfile.lock. Run 'pod install' or update your CocoaPods installation.\" >&2\n    exit 1\nfi\n# This output is used by Xcode 'outputs' to avoid re-running this script phase.\necho \"SUCCESS\" > \"${SCRIPT_OUTPUT_FILE_0}\"\n";
			showEnvVarsInLog = 0;
		};
		BC65B666454FFC1F5DD002B9 /* [CP] Check Pods Manifest.lock */ = {
			isa = PBXShellScriptBuildPhase;
			buildActionMask = 2147483647;
			files = (
			);
			inputFileListPaths = (
			);
			inputPaths = (
				"${PODS_PODFILE_DIR_PATH}/Podfile.lock",
				"${PODS_ROOT}/Manifest.lock",
			);
			name = "[CP] Check Pods Manifest.lock";
			outputFileListPaths = (
			);
			outputPaths = (
				"$(DERIVED_FILE_DIR)/Pods-FlixUITests-checkManifestLockResult.txt",
			);
			runOnlyForDeploymentPostprocessing = 0;
			shellPath = /bin/sh;
			shellScript = "diff \"${PODS_PODFILE_DIR_PATH}/Podfile.lock\" \"${PODS_ROOT}/Manifest.lock\" > /dev/null\nif [ $? != 0 ] ; then\n    # print error to STDERR\n    echo \"error: The sandbox is not in sync with the Podfile.lock. Run 'pod install' or update your CocoaPods installation.\" >&2\n    exit 1\nfi\n# This output is used by Xcode 'outputs' to avoid re-running this script phase.\necho \"SUCCESS\" > \"${SCRIPT_OUTPUT_FILE_0}\"\n";
			showEnvVarsInLog = 0;
		};
/* End PBXShellScriptBuildPhase section */

/* Begin PBXSourcesBuildPhase section */
		4767A56B22C3EAF100CC7EF8 /* Sources */ = {
			isa = PBXSourcesBuildPhase;
			buildActionMask = 2147483647;
			files = (
				4767A58222C3EAF200CC7EF8 /* main.m in Sources */,
				4767A5B522C439C800CC7EF8 /* DetailsViewController.m in Sources */,
				4767A57422C3EAF100CC7EF8 /* AppDelegate.m in Sources */,
				4767A5BB22C4863D00CC7EF8 /* MovieCollectionCell.m in Sources */,
				4767A5AC22C41D1800CC7EF8 /* MovieCell.m in Sources */,
				4767A5A622C3F97700CC7EF8 /* MoviesViewController.m in Sources */,
				4767A5B822C4835800CC7EF8 /* MoviesGridViewController.m in Sources */,
			);
			runOnlyForDeploymentPostprocessing = 0;
		};
		4767A58322C3EAF200CC7EF8 /* Sources */ = {
			isa = PBXSourcesBuildPhase;
			buildActionMask = 2147483647;
			files = (
				4767A58C22C3EAF200CC7EF8 /* FlixTests.m in Sources */,
			);
			runOnlyForDeploymentPostprocessing = 0;
		};
		4767A58E22C3EAF200CC7EF8 /* Sources */ = {
			isa = PBXSourcesBuildPhase;
			buildActionMask = 2147483647;
			files = (
				4767A59722C3EAF200CC7EF8 /* FlixUITests.m in Sources */,
			);
			runOnlyForDeploymentPostprocessing = 0;
		};
/* End PBXSourcesBuildPhase section */

/* Begin PBXTargetDependency section */
		4767A58922C3EAF200CC7EF8 /* PBXTargetDependency */ = {
			isa = PBXTargetDependency;
			target = 4767A56E22C3EAF100CC7EF8 /* Flix */;
			targetProxy = 4767A58822C3EAF200CC7EF8 /* PBXContainerItemProxy */;
		};
		4767A59422C3EAF200CC7EF8 /* PBXTargetDependency */ = {
			isa = PBXTargetDependency;
			target = 4767A56E22C3EAF100CC7EF8 /* Flix */;
			targetProxy = 4767A59322C3EAF200CC7EF8 /* PBXContainerItemProxy */;
		};
/* End PBXTargetDependency section */

/* Begin PBXVariantGroup section */
		4767A57822C3EAF100CC7EF8 /* Main.storyboard */ = {
			isa = PBXVariantGroup;
			children = (
				4767A57922C3EAF100CC7EF8 /* Base */,
			);
			name = Main.storyboard;
			sourceTree = "<group>";
		};
		4767A57D22C3EAF200CC7EF8 /* LaunchScreen.storyboard */ = {
			isa = PBXVariantGroup;
			children = (
				4767A57E22C3EAF200CC7EF8 /* Base */,
			);
			name = LaunchScreen.storyboard;
			sourceTree = "<group>";
		};
/* End PBXVariantGroup section */

/* Begin XCBuildConfiguration section */
		4767A59922C3EAF200CC7EF8 /* Debug */ = {
			isa = XCBuildConfiguration;
			buildSettings = {
				ALWAYS_SEARCH_USER_PATHS = NO;
				CLANG_ANALYZER_NONNULL = YES;
				CLANG_ANALYZER_NUMBER_OBJECT_CONVERSION = YES_AGGRESSIVE;
				CLANG_CXX_LANGUAGE_STANDARD = "gnu++14";
				CLANG_CXX_LIBRARY = "libc++";
				CLANG_ENABLE_MODULES = YES;
				CLANG_ENABLE_OBJC_ARC = YES;
				CLANG_ENABLE_OBJC_WEAK = YES;
				CLANG_WARN_BLOCK_CAPTURE_AUTORELEASING = YES;
				CLANG_WARN_BOOL_CONVERSION = YES;
				CLANG_WARN_COMMA = YES;
				CLANG_WARN_CONSTANT_CONVERSION = YES;
				CLANG_WARN_DEPRECATED_OBJC_IMPLEMENTATIONS = YES;
				CLANG_WARN_DIRECT_OBJC_ISA_USAGE = YES_ERROR;
				CLANG_WARN_DOCUMENTATION_COMMENTS = YES;
				CLANG_WARN_EMPTY_BODY = YES;
				CLANG_WARN_ENUM_CONVERSION = YES;
				CLANG_WARN_INFINITE_RECURSION = YES;
				CLANG_WARN_INT_CONVERSION = YES;
				CLANG_WARN_NON_LITERAL_NULL_CONVERSION = YES;
				CLANG_WARN_OBJC_IMPLICIT_RETAIN_SELF = YES;
				CLANG_WARN_OBJC_LITERAL_CONVERSION = YES;
				CLANG_WARN_OBJC_ROOT_CLASS = YES_ERROR;
				CLANG_WARN_RANGE_LOOP_ANALYSIS = YES;
				CLANG_WARN_STRICT_PROTOTYPES = YES;
				CLANG_WARN_SUSPICIOUS_MOVE = YES;
				CLANG_WARN_UNGUARDED_AVAILABILITY = YES_AGGRESSIVE;
				CLANG_WARN_UNREACHABLE_CODE = YES;
				CLANG_WARN__DUPLICATE_METHOD_MATCH = YES;
				CODE_SIGN_IDENTITY = "iPhone Developer";
				COPY_PHASE_STRIP = NO;
				DEBUG_INFORMATION_FORMAT = dwarf;
				ENABLE_STRICT_OBJC_MSGSEND = YES;
				ENABLE_TESTABILITY = YES;
				GCC_C_LANGUAGE_STANDARD = gnu11;
				GCC_DYNAMIC_NO_PIC = NO;
				GCC_NO_COMMON_BLOCKS = YES;
				GCC_OPTIMIZATION_LEVEL = 0;
				GCC_PREPROCESSOR_DEFINITIONS = (
					"DEBUG=1",
					"$(inherited)",
				);
				GCC_WARN_64_TO_32_BIT_CONVERSION = YES;
				GCC_WARN_ABOUT_RETURN_TYPE = YES_ERROR;
				GCC_WARN_UNDECLARED_SELECTOR = YES;
				GCC_WARN_UNINITIALIZED_AUTOS = YES_AGGRESSIVE;
				GCC_WARN_UNUSED_FUNCTION = YES;
				GCC_WARN_UNUSED_VARIABLE = YES;
				IPHONEOS_DEPLOYMENT_TARGET = 12.2;
				MTL_ENABLE_DEBUG_INFO = INCLUDE_SOURCE;
				MTL_FAST_MATH = YES;
				ONLY_ACTIVE_ARCH = YES;
				SDKROOT = iphoneos;
			};
			name = Debug;
		};
		4767A59A22C3EAF200CC7EF8 /* Release */ = {
			isa = XCBuildConfiguration;
			buildSettings = {
				ALWAYS_SEARCH_USER_PATHS = NO;
				CLANG_ANALYZER_NONNULL = YES;
				CLANG_ANALYZER_NUMBER_OBJECT_CONVERSION = YES_AGGRESSIVE;
				CLANG_CXX_LANGUAGE_STANDARD = "gnu++14";
				CLANG_CXX_LIBRARY = "libc++";
				CLANG_ENABLE_MODULES = YES;
				CLANG_ENABLE_OBJC_ARC = YES;
				CLANG_ENABLE_OBJC_WEAK = YES;
				CLANG_WARN_BLOCK_CAPTURE_AUTORELEASING = YES;
				CLANG_WARN_BOOL_CONVERSION = YES;
				CLANG_WARN_COMMA = YES;
				CLANG_WARN_CONSTANT_CONVERSION = YES;
				CLANG_WARN_DEPRECATED_OBJC_IMPLEMENTATIONS = YES;
				CLANG_WARN_DIRECT_OBJC_ISA_USAGE = YES_ERROR;
				CLANG_WARN_DOCUMENTATION_COMMENTS = YES;
				CLANG_WARN_EMPTY_BODY = YES;
				CLANG_WARN_ENUM_CONVERSION = YES;
				CLANG_WARN_INFINITE_RECURSION = YES;
				CLANG_WARN_INT_CONVERSION = YES;
				CLANG_WARN_NON_LITERAL_NULL_CONVERSION = YES;
				CLANG_WARN_OBJC_IMPLICIT_RETAIN_SELF = YES;
				CLANG_WARN_OBJC_LITERAL_CONVERSION = YES;
				CLANG_WARN_OBJC_ROOT_CLASS = YES_ERROR;
				CLANG_WARN_RANGE_LOOP_ANALYSIS = YES;
				CLANG_WARN_STRICT_PROTOTYPES = YES;
				CLANG_WARN_SUSPICIOUS_MOVE = YES;
				CLANG_WARN_UNGUARDED_AVAILABILITY = YES_AGGRESSIVE;
				CLANG_WARN_UNREACHABLE_CODE = YES;
				CLANG_WARN__DUPLICATE_METHOD_MATCH = YES;
				CODE_SIGN_IDENTITY = "iPhone Developer";
				COPY_PHASE_STRIP = NO;
				DEBUG_INFORMATION_FORMAT = "dwarf-with-dsym";
				ENABLE_NS_ASSERTIONS = NO;
				ENABLE_STRICT_OBJC_MSGSEND = YES;
				GCC_C_LANGUAGE_STANDARD = gnu11;
				GCC_NO_COMMON_BLOCKS = YES;
				GCC_WARN_64_TO_32_BIT_CONVERSION = YES;
				GCC_WARN_ABOUT_RETURN_TYPE = YES_ERROR;
				GCC_WARN_UNDECLARED_SELECTOR = YES;
				GCC_WARN_UNINITIALIZED_AUTOS = YES_AGGRESSIVE;
				GCC_WARN_UNUSED_FUNCTION = YES;
				GCC_WARN_UNUSED_VARIABLE = YES;
				IPHONEOS_DEPLOYMENT_TARGET = 12.2;
				MTL_ENABLE_DEBUG_INFO = NO;
				MTL_FAST_MATH = YES;
				SDKROOT = iphoneos;
				VALIDATE_PRODUCT = YES;
			};
			name = Release;
		};
		4767A59C22C3EAF200CC7EF8 /* Debug */ = {
			isa = XCBuildConfiguration;
			baseConfigurationReference = EDCD76D3E6FF78F79C78A6F4 /* Pods-Flix.debug.xcconfig */;
			buildSettings = {
				ASSETCATALOG_COMPILER_APPICON_NAME = AppIcon;
				CODE_SIGN_STYLE = Automatic;
				DEVELOPMENT_TEAM = 8DH593U6VL;
				INFOPLIST_FILE = Flix/Info.plist;
				LD_RUNPATH_SEARCH_PATHS = (
					"$(inherited)",
					"@executable_path/Frameworks",
				);
				PRODUCT_BUNDLE_IDENTIFIER = com.ilanashapiro.Flix;
				PRODUCT_NAME = "$(TARGET_NAME)";
				TARGETED_DEVICE_FAMILY = "1,2";
			};
			name = Debug;
		};
		4767A59D22C3EAF200CC7EF8 /* Release */ = {
			isa = XCBuildConfiguration;
			baseConfigurationReference = E85327333B6FC104D9854415 /* Pods-Flix.release.xcconfig */;
			buildSettings = {
				ASSETCATALOG_COMPILER_APPICON_NAME = AppIcon;
				CODE_SIGN_STYLE = Automatic;
				DEVELOPMENT_TEAM = 8DH593U6VL;
				INFOPLIST_FILE = Flix/Info.plist;
				LD_RUNPATH_SEARCH_PATHS = (
					"$(inherited)",
					"@executable_path/Frameworks",
				);
				PRODUCT_BUNDLE_IDENTIFIER = com.ilanashapiro.Flix;
				PRODUCT_NAME = "$(TARGET_NAME)";
				TARGETED_DEVICE_FAMILY = "1,2";
			};
			name = Release;
		};
		4767A59F22C3EAF200CC7EF8 /* Debug */ = {
			isa = XCBuildConfiguration;
			baseConfigurationReference = 1C2C50041F6DAF31C54EC85A /* Pods-FlixTests.debug.xcconfig */;
			buildSettings = {
				BUNDLE_LOADER = "$(TEST_HOST)";
				CODE_SIGN_STYLE = Automatic;
				INFOPLIST_FILE = FlixTests/Info.plist;
				LD_RUNPATH_SEARCH_PATHS = (
					"$(inherited)",
					"@executable_path/Frameworks",
					"@loader_path/Frameworks",
				);
				PRODUCT_BUNDLE_IDENTIFIER = com.ilanashapiro.FlixTests;
				PRODUCT_NAME = "$(TARGET_NAME)";
				TARGETED_DEVICE_FAMILY = "1,2";
				TEST_HOST = "$(BUILT_PRODUCTS_DIR)/Flix.app/Flix";
			};
			name = Debug;
		};
		4767A5A022C3EAF200CC7EF8 /* Release */ = {
			isa = XCBuildConfiguration;
			baseConfigurationReference = D2A9366DE5AF67564219BCC8 /* Pods-FlixTests.release.xcconfig */;
			buildSettings = {
				BUNDLE_LOADER = "$(TEST_HOST)";
				CODE_SIGN_STYLE = Automatic;
				INFOPLIST_FILE = FlixTests/Info.plist;
				LD_RUNPATH_SEARCH_PATHS = (
					"$(inherited)",
					"@executable_path/Frameworks",
					"@loader_path/Frameworks",
				);
				PRODUCT_BUNDLE_IDENTIFIER = com.ilanashapiro.FlixTests;
				PRODUCT_NAME = "$(TARGET_NAME)";
				TARGETED_DEVICE_FAMILY = "1,2";
				TEST_HOST = "$(BUILT_PRODUCTS_DIR)/Flix.app/Flix";
			};
			name = Release;
		};
		4767A5A222C3EAF200CC7EF8 /* Debug */ = {
			isa = XCBuildConfiguration;
			baseConfigurationReference = 6DF6C4343D9F5B9E587235A9 /* Pods-FlixUITests.debug.xcconfig */;
			buildSettings = {
				CODE_SIGN_STYLE = Automatic;
				INFOPLIST_FILE = FlixUITests/Info.plist;
				LD_RUNPATH_SEARCH_PATHS = (
					"$(inherited)",
					"@executable_path/Frameworks",
					"@loader_path/Frameworks",
				);
				PRODUCT_BUNDLE_IDENTIFIER = com.ilanashapiro.FlixUITests;
				PRODUCT_NAME = "$(TARGET_NAME)";
				TARGETED_DEVICE_FAMILY = "1,2";
				TEST_TARGET_NAME = Flix;
			};
			name = Debug;
		};
		4767A5A322C3EAF200CC7EF8 /* Release */ = {
			isa = XCBuildConfiguration;
			baseConfigurationReference = 146A626E8FBD644E3BBF344C /* Pods-FlixUITests.release.xcconfig */;
			buildSettings = {
				CODE_SIGN_STYLE = Automatic;
				INFOPLIST_FILE = FlixUITests/Info.plist;
				LD_RUNPATH_SEARCH_PATHS = (
					"$(inherited)",
					"@executable_path/Frameworks",
					"@loader_path/Frameworks",
				);
				PRODUCT_BUNDLE_IDENTIFIER = com.ilanashapiro.FlixUITests;
				PRODUCT_NAME = "$(TARGET_NAME)";
				TARGETED_DEVICE_FAMILY = "1,2";
				TEST_TARGET_NAME = Flix;
			};
			name = Release;
		};
/* End XCBuildConfiguration section */

/* Begin XCConfigurationList section */
		4767A56A22C3EAF100CC7EF8 /* Build configuration list for PBXProject "Flix" */ = {
			isa = XCConfigurationList;
			buildConfigurations = (
				4767A59922C3EAF200CC7EF8 /* Debug */,
				4767A59A22C3EAF200CC7EF8 /* Release */,
			);
			defaultConfigurationIsVisible = 0;
			defaultConfigurationName = Release;
		};
		4767A59B22C3EAF200CC7EF8 /* Build configuration list for PBXNativeTarget "Flix" */ = {
			isa = XCConfigurationList;
			buildConfigurations = (
				4767A59C22C3EAF200CC7EF8 /* Debug */,
				4767A59D22C3EAF200CC7EF8 /* Release */,
			);
			defaultConfigurationIsVisible = 0;
			defaultConfigurationName = Release;
		};
		4767A59E22C3EAF200CC7EF8 /* Build configuration list for PBXNativeTarget "FlixTests" */ = {
			isa = XCConfigurationList;
			buildConfigurations = (
				4767A59F22C3EAF200CC7EF8 /* Debug */,
				4767A5A022C3EAF200CC7EF8 /* Release */,
			);
			defaultConfigurationIsVisible = 0;
			defaultConfigurationName = Release;
		};
		4767A5A122C3EAF200CC7EF8 /* Build configuration list for PBXNativeTarget "FlixUITests" */ = {
			isa = XCConfigurationList;
			buildConfigurations = (
				4767A5A222C3EAF200CC7EF8 /* Debug */,
				4767A5A322C3EAF200CC7EF8 /* Release */,
			);
			defaultConfigurationIsVisible = 0;
			defaultConfigurationName = Release;
		};
/* End XCConfigurationList section */
	};
	rootObject = 4767A56722C3EAF100CC7EF8 /* Project object */;
}
